
Microsoft Visual Studio Solution File, Format Version 12.00
# Visual Studio 14
VisualStudioVersion = 14.0.25123.0
MinimumVisualStudioVersion = 10.0.40219.1
Project("{FAE04EC0-301F-11D3-BF4B-00C04F79EFBC}") = "LearningAboutEvents", "LearningAboutEvents\LearningAboutEvents.csproj", "{1CD30235-A8A3-41CE-B8FF-616D0A3F7BB2}"
EndProject
Project("{FAE04EC0-301F-11D3-BF4B-00C04F79EFBC}") = "ExternalLibrary", "ExternalLibrary\ExternalLibrary.csproj", "{99245367-549D-45D4-8EB5-AA46DD5F2030}"
EndProject
Global
	GlobalSection(SolutionConfigurationPlatforms) = preSolution
		Debug|Any CPU = Debug|Any CPU
		Release|Any CPU = Release|Any CPU
	EndGlobalSection
	GlobalSection(ProjectConfigurationPlatforms) = postSolution
		{1CD30235-A8A3-41CE-B8FF-616D0A3F7BB2}.Debug|Any CPU.ActiveCfg = Debug|Any CPU
		{1CD30235-A8A3-41CE-B8FF-616D0A3F7BB2}.Debug|Any CPU.Build.0 = Debug|Any CPU
		{1CD30235-A8A3-41CE-B8FF-616D0A3F7BB2}.Release|Any CPU.ActiveCfg = Release|Any CPU
		{1CD30235-A8A3-41CE-B8FF-616D0A3F7BB2}.Release|Any CPU.Build.0 = Release|Any CPU
		{99245367-549D-45D4-8EB5-AA46DD5F2030}.Debug|Any CPU.ActiveCfg = Debug|Any CPU
		{99245367-549D-45D4-8EB5-AA46DD5F2030}.Debug|Any CPU.Build.0 = Debug|Any CPU
		{99245367-549D-45D4-8EB5-AA46DD5F2030}.Release|Any CPU.ActiveCfg = Release|Any CPU
		{99245367-549D-45D4-8EB5-AA46DD5F2030}.Release|Any CPU.Build.0 = Release|Any CPU
	EndGlobalSection
	GlobalSection(SolutionProperties) = preSolution
		HideSolutionNode = FALSE
	EndGlobalSection
EndGlobal
