
Microsoft Visual Studio Solution File, Format Version 12.00
# Visual Studio 14
VisualStudioVersion = 14.0.25123.0
MinimumVisualStudioVersion = 10.0.40219.1
Project("{FAE04EC0-301F-11D3-BF4B-00C04F79EFBC}") = "TimeSheet", "TimeSheet\TimeSheet.csproj", "{AB84C1A4-F0B0-4DED-9A70-5C5A57AA494B}"
EndProject
Project("{FAE04EC0-301F-11D3-BF4B-00C04F79EFBC}") = "TimeSheetTests", "TimeSheetTests\TimeSheetTests.csproj", "{DCBA92EB-7647-43E9-90D2-9BFB50CEFBC4}"
EndProject
Project("{2150E333-8FDC-42A3-9474-1A3956D46DE8}") = "Notes", "Notes", "{657FB1AF-E4B5-4E1A-B7D4-BDC48C01EC06}"
	ProjectSection(SolutionItems) = preProject
		DevLog.txt = DevLog.txt
	EndProjectSection
EndProject
Project("{FAE04EC0-301F-11D3-BF4B-00C04F79EFBC}") = "TimeSheetWinforms", "TimeSheetWinforms\TimeSheetWinforms.csproj", "{10343F7A-98C8-4C81-9335-4ACF69836BA2}"
EndProject
Global
	GlobalSection(SolutionConfigurationPlatforms) = preSolution
		Debug|Any CPU = Debug|Any CPU
		Release|Any CPU = Release|Any CPU
	EndGlobalSection
	GlobalSection(ProjectConfigurationPlatforms) = postSolution
		{AB84C1A4-F0B0-4DED-9A70-5C5A57AA494B}.Debug|Any CPU.ActiveCfg = Debug|Any CPU
		{AB84C1A4-F0B0-4DED-9A70-5C5A57AA494B}.Debug|Any CPU.Build.0 = Debug|Any CPU
		{AB84C1A4-F0B0-4DED-9A70-5C5A57AA494B}.Release|Any CPU.ActiveCfg = Release|Any CPU
		{AB84C1A4-F0B0-4DED-9A70-5C5A57AA494B}.Release|Any CPU.Build.0 = Release|Any CPU
		{DCBA92EB-7647-43E9-90D2-9BFB50CEFBC4}.Debug|Any CPU.ActiveCfg = Debug|Any CPU
		{DCBA92EB-7647-43E9-90D2-9BFB50CEFBC4}.Debug|Any CPU.Build.0 = Debug|Any CPU
		{DCBA92EB-7647-43E9-90D2-9BFB50CEFBC4}.Release|Any CPU.ActiveCfg = Release|Any CPU
		{DCBA92EB-7647-43E9-90D2-9BFB50CEFBC4}.Release|Any CPU.Build.0 = Release|Any CPU
		{10343F7A-98C8-4C81-9335-4ACF69836BA2}.Debug|Any CPU.ActiveCfg = Debug|Any CPU
		{10343F7A-98C8-4C81-9335-4ACF69836BA2}.Debug|Any CPU.Build.0 = Debug|Any CPU
		{10343F7A-98C8-4C81-9335-4ACF69836BA2}.Release|Any CPU.ActiveCfg = Release|Any CPU
		{10343F7A-98C8-4C81-9335-4ACF69836BA2}.Release|Any CPU.Build.0 = Release|Any CPU
	EndGlobalSection
	GlobalSection(SolutionProperties) = preSolution
		HideSolutionNode = FALSE
	EndGlobalSection
EndGlobal
